
Microsoft Visual Studio Solution File, Format Version 12.00
# Visual Studio Version 17
VisualStudioVersion = 17.14.36221.1 d17.14
MinimumVisualStudioVersion = 10.0.40219.1
Project("{FAE04EC0-301F-11D3-BF4B-00C04F79EFBC}") = "WorkerApp", "WorkerApp.csproj", "{221BAD6D-4049-4475-816F-8F8902037354}"
EndProject
Global
	GlobalSection(SolutionConfigurationPlatforms) = preSolution
		Debug|Any CPU = Debug|Any CPU
		Release|Any CPU = Release|Any CPU
	EndGlobalSection
	GlobalSection(ProjectConfigurationPlatforms) = postSolution
		{221BAD6D-4049-4475-816F-8F8902037354}.Debug|Any CPU.ActiveCfg = Debug|Any CPU
		{221BAD6D-4049-4475-816F-8F8902037354}.Debug|Any CPU.Build.0 = Debug|Any CPU
		{221BAD6D-4049-4475-816F-8F8902037354}.Release|Any CPU.ActiveCfg = Release|Any CPU
		{221BAD6D-4049-4475-816F-8F8902037354}.Release|Any CPU.Build.0 = Release|Any CPU
	EndGlobalSection
	GlobalSection(SolutionProperties) = preSolution
		HideSolutionNode = FALSE
	EndGlobalSection
	GlobalSection(ExtensibilityGlobals) = postSolution
		SolutionGuid = {3874CB02-074D-41E0-8750-CF734C08E80F}
	EndGlobalSection
EndGlobal
